<?xml version="1.0" encoding="utf-8"?>
<Project ToolsVersion="4.0" xmlns="http://schemas.microsoft.com/developer/msbuild/2003">
  <ItemGroup>
    <Filter Include="win32">
      <UniqueIdentifier>{84a8ebd7-7cf0-47f6-b75e-d441df67da40}</UniqueIdentifier>
    </Filter>
    <Filter Include="resource">
      <UniqueIdentifier>{715254bc-d70b-4ec5-bf29-467dd3ace079}</UniqueIdentifier>
    </Filter>
    <Filter Include="src">
      <UniqueIdentifier>{bb6c862e-70e9-49d9-81b7-3829a6f50471}</UniqueIdentifier>
    </Filter>
  </ItemGroup>
  <ItemGroup>
    <ClCompile Include="main.cpp">
      <Filter>win32</Filter>
    </ClCompile>
    <ClCompile Include="..\Classes\AppDelegate.cpp">
      <Filter>src</Filter>
    </ClCompile>
    <ClCompile Include="..\Classes\MainScene.cpp">
      <Filter>src</Filter>
    </ClCompile>
    <ClCompile Include="..\Classes\components\WorldMapView.cpp">
      <Filter>src</Filter>
    </ClCompile>
    <ClCompile Include="..\Classes\model\city\CitiesManager.cpp">
      <Filter>src</Filter>
    </ClCompile>
    <ClCompile Include="..\Classes\model\city\CityModel.cpp">
      <Filter>src</Filter>
    </ClCompile>
    <ClCompile Include="..\Classes\model\country\CountryManager.cpp">
      <Filter>src</Filter>
    </ClCompile>
    <ClCompile Include="..\Classes\model\country\CountryModel.cpp">
      <Filter>src</Filter>
    </ClCompile>
    <ClCompile Include="..\Classes\PalaceScene.cpp">
      <Filter>src</Filter>
    </ClCompile>
    <ClCompile Include="..\Classes\components\XiWuFangView.cpp">
      <Filter>src</Filter>
    </ClCompile>
    <ClCompile Include="..\Classes\components\XiuWenFangVew.cpp">
      <Filter>src</Filter>
    </ClCompile>
    <ClCompile Include="..\Classes\TingYiDianScene.cpp">
      <Filter>src</Filter>
    </ClCompile>
    <ClCompile Include="..\Classes\components\ChooseSkillView.cpp">
      <Filter>src</Filter>
    </ClCompile>
  </ItemGroup>
  <ItemGroup>
    <ClInclude Include="main.h">
      <Filter>win32</Filter>
    </ClInclude>
    <ClInclude Include="..\Classes\AppDelegate.h">
      <Filter>src</Filter>
    </ClInclude>
    <ClInclude Include="..\Classes\MainScene.h">
      <Filter>src</Filter>
    </ClInclude>
    <ClInclude Include="..\Classes\components\WorldMapView.h">
      <Filter>src</Filter>
    </ClInclude>
    <ClInclude Include="..\Classes\plugin\PluginCenter.h">
      <Filter>src</Filter>
    </ClInclude>
    <ClInclude Include="..\Classes\plugin\IPlugin.h">
      <Filter>src</Filter>
    </ClInclude>
    <ClInclude Include="..\Classes\model\city\CitiesManager.h">
      <Filter>src</Filter>
    </ClInclude>
    <ClInclude Include="..\Classes\model\city\CityModel.h">
      <Filter>src</Filter>
    </ClInclude>
    <ClInclude Include="..\Classes\model\country\CountryManager.h">
      <Filter>src</Filter>
    </ClInclude>
    <ClInclude Include="..\Classes\model\country\CountryModel.h">
      <Filter>src</Filter>
    </ClInclude>
    <ClInclude Include="..\Classes\PalaceScene.h">
      <Filter>src</Filter>
    </ClInclude>
    <ClInclude Include="..\Classes\components\XiWuFangView.h">
      <Filter>src</Filter>
    </ClInclude>
    <ClInclude Include="..\Classes\components\XiuWenFangView.h">
      <Filter>src</Filter>
    </ClInclude>
    <ClInclude Include="..\Classes\TingYiDianScene.h">
      <Filter>src</Filter>
    </ClInclude>
    <ClInclude Include="..\Classes\components\ChooseSkillView.h">
      <Filter>src</Filter>
    </ClInclude>
  </ItemGroup>
  <ItemGroup>
    <ResourceCompile Include="game.rc">
      <Filter>resource</Filter>
    </ResourceCompile>
  </ItemGroup>
</Project>